
Microsoft Visual Studio Solution File, Format Version 12.00
# Visual Studio Version 17
VisualStudioVersion = 17.5.33424.131
MinimumVisualStudioVersion = 10.0.40219.1
Project("{FAE04EC0-301F-11D3-BF4B-00C04F79EFBC}") = "DoWhile", "DoWhile\DoWhile.csproj", "{35471E11-36DD-4FC9-B592-CC31148745FD}"
EndProject
Global
	GlobalSection(SolutionConfigurationPlatforms) = preSolution
		Debug|Any CPU = Debug|Any CPU
		Release|Any CPU = Release|Any CPU
	EndGlobalSection
	GlobalSection(ProjectConfigurationPlatforms) = postSolution
		{35471E11-36DD-4FC9-B592-CC31148745FD}.Debug|Any CPU.ActiveCfg = Debug|Any CPU
		{35471E11-36DD-4FC9-B592-CC31148745FD}.Debug|Any CPU.Build.0 = Debug|Any CPU
		{35471E11-36DD-4FC9-B592-CC31148745FD}.Release|Any CPU.ActiveCfg = Release|Any CPU
		{35471E11-36DD-4FC9-B592-CC31148745FD}.Release|Any CPU.Build.0 = Release|Any CPU
	EndGlobalSection
	GlobalSection(SolutionProperties) = preSolution
		HideSolutionNode = FALSE
	EndGlobalSection
	GlobalSection(ExtensibilityGlobals) = postSolution
		SolutionGuid = {2CC92675-DA57-4C42-B4DD-0E5177B13A0F}
	EndGlobalSection
EndGlobal
